
Microsoft Visual Studio Solution File, Format Version 12.00
# Visual Studio Version 16
VisualStudioVersion = 16.0.30517.126
MinimumVisualStudioVersion = 15.0.26124.0
Project("{2150E333-8FDC-42A3-9474-1A3956D46DE8}") = "Solution Items", "Solution Items", "{E603C0B1-F824-40A6-A1C8-332E8C93B548}"
	ProjectSection(SolutionItems) = preProject
		.editorconfig = .editorconfig
		.gitattributes = .gitattributes
		.gitignore = .gitignore
		README.md = README.md
	EndProjectSection
EndProject
Project("{9A19103F-16F7-4668-BE54-9A1E7A4F7556}") = "MassTut.Commons", "src\MassTut.Commons\MassTut.Commons.csproj", "{9B639892-1DF4-4C7C-8D66-DB0F27FB74B2}"
EndProject
Project("{9A19103F-16F7-4668-BE54-9A1E7A4F7556}") = "MassTut.Keeper", "src\MassTut.Keeper\MassTut.Keeper.csproj", "{6CCB10B6-FEA2-461D-BA80-74DA96F37690}"
EndProject
Project("{FAE04EC0-301F-11D3-BF4B-00C04F79EFBC}") = "MassTut.Columbus", "src\MassTut.Columbus\MassTut.Columbus.csproj", "{34A00161-0E76-4546-8FCD-9097785D6593}"
EndProject
Project("{E53339B2-1760-4266-BCC7-CA923CBCF16C}") = "docker-compose", "docker-compose.dcproj", "{677B463B-EF57-48D8-96C0-FB68B8D7E16E}"
EndProject
Global
	GlobalSection(SolutionConfigurationPlatforms) = preSolution
		Debug|Any CPU = Debug|Any CPU
		Release|Any CPU = Release|Any CPU
	EndGlobalSection
	GlobalSection(ProjectConfigurationPlatforms) = postSolution
		{9B639892-1DF4-4C7C-8D66-DB0F27FB74B2}.Debug|Any CPU.ActiveCfg = Debug|Any CPU
		{9B639892-1DF4-4C7C-8D66-DB0F27FB74B2}.Debug|Any CPU.Build.0 = Debug|Any CPU
		{9B639892-1DF4-4C7C-8D66-DB0F27FB74B2}.Release|Any CPU.ActiveCfg = Release|Any CPU
		{9B639892-1DF4-4C7C-8D66-DB0F27FB74B2}.Release|Any CPU.Build.0 = Release|Any CPU
		{6CCB10B6-FEA2-461D-BA80-74DA96F37690}.Debug|Any CPU.ActiveCfg = Debug|Any CPU
		{6CCB10B6-FEA2-461D-BA80-74DA96F37690}.Debug|Any CPU.Build.0 = Debug|Any CPU
		{6CCB10B6-FEA2-461D-BA80-74DA96F37690}.Release|Any CPU.ActiveCfg = Release|Any CPU
		{6CCB10B6-FEA2-461D-BA80-74DA96F37690}.Release|Any CPU.Build.0 = Release|Any CPU
		{34A00161-0E76-4546-8FCD-9097785D6593}.Debug|Any CPU.ActiveCfg = Debug|Any CPU
		{34A00161-0E76-4546-8FCD-9097785D6593}.Debug|Any CPU.Build.0 = Debug|Any CPU
		{34A00161-0E76-4546-8FCD-9097785D6593}.Release|Any CPU.ActiveCfg = Release|Any CPU
		{34A00161-0E76-4546-8FCD-9097785D6593}.Release|Any CPU.Build.0 = Release|Any CPU
		{677B463B-EF57-48D8-96C0-FB68B8D7E16E}.Debug|Any CPU.ActiveCfg = Debug|Any CPU
		{677B463B-EF57-48D8-96C0-FB68B8D7E16E}.Debug|Any CPU.Build.0 = Debug|Any CPU
		{677B463B-EF57-48D8-96C0-FB68B8D7E16E}.Release|Any CPU.ActiveCfg = Release|Any CPU
		{677B463B-EF57-48D8-96C0-FB68B8D7E16E}.Release|Any CPU.Build.0 = Release|Any CPU
	EndGlobalSection
	GlobalSection(SolutionProperties) = preSolution
		HideSolutionNode = FALSE
	EndGlobalSection
	GlobalSection(ExtensibilityGlobals) = postSolution
		SolutionGuid = {9A2BFEAC-5B98-471F-AB34-4387EA0181DC}
	EndGlobalSection
EndGlobal
